
Microsoft Visual Studio Solution File, Format Version 12.00
# Visual Studio Version 17
VisualStudioVersion = 17.9.34902.65
MinimumVisualStudioVersion = 10.0.40219.1
Project("{9A19103F-16F7-4668-BE54-9A1E7A4F7556}") = "ITG", "ITG-vs\ITG.csproj", "{7EF183B3-D380-41CC-8D0F-799817892B60}"
EndProject
Project("{9A19103F-16F7-4668-BE54-9A1E7A4F7556}") = "Services", "Services\Services.csproj", "{3214BB22-40ED-434C-959F-D410EF4B5D6E}"
EndProject
Global
	GlobalSection(SolutionConfigurationPlatforms) = preSolution
		Debug|Any CPU = Debug|Any CPU
		Release|Any CPU = Release|Any CPU
	EndGlobalSection
	GlobalSection(ProjectConfigurationPlatforms) = postSolution
		{7EF183B3-D380-41CC-8D0F-799817892B60}.Debug|Any CPU.ActiveCfg = Debug|Any CPU
		{7EF183B3-D380-41CC-8D0F-799817892B60}.Debug|Any CPU.Build.0 = Debug|Any CPU
		{7EF183B3-D380-41CC-8D0F-799817892B60}.Release|Any CPU.ActiveCfg = Release|Any CPU
		{7EF183B3-D380-41CC-8D0F-799817892B60}.Release|Any CPU.Build.0 = Release|Any CPU
		{3214BB22-40ED-434C-959F-D410EF4B5D6E}.Debug|Any CPU.ActiveCfg = Debug|Any CPU
		{3214BB22-40ED-434C-959F-D410EF4B5D6E}.Debug|Any CPU.Build.0 = Debug|Any CPU
		{3214BB22-40ED-434C-959F-D410EF4B5D6E}.Release|Any CPU.ActiveCfg = Release|Any CPU
		{3214BB22-40ED-434C-959F-D410EF4B5D6E}.Release|Any CPU.Build.0 = Release|Any CPU
	EndGlobalSection
	GlobalSection(SolutionProperties) = preSolution
		HideSolutionNode = FALSE
	EndGlobalSection
	GlobalSection(ExtensibilityGlobals) = postSolution
		SolutionGuid = {06E1B615-5626-46C7-9780-537A149BE6C8}
	EndGlobalSection
EndGlobal
